<?xml version="1.0" encoding="utf-8"?>
<Project ToolsVersion="4.0" xmlns="http://schemas.microsoft.com/developer/msbuild/2003">
  <ItemGroup>
    <Filter Include="Resource Files">
      <UniqueIdentifier>{67DA6AB6-F800-4c08-8B7A-83BB121AAD01}</UniqueIdentifier>
      <Extensions>rc;ico;cur;bmp;dlg;rc2;rct;bin;rgs;gif;jpg;jpeg;jpe;resx;tiff;tif;png;wav;mfcribbon-ms</Extensions>
    </Filter>
    <Filter Include="Files">
      <UniqueIdentifier>{4FC737F1-C7A5-4376-A066-2A32D752A2FF}</UniqueIdentifier>
      <Extensions>cpp;c;cc;cxx;c++;cppm;ixx;def;odl;idl;hpj;bat;asm;asmx</Extensions>
    </Filter>
    <Filter Include="Files\Helpers">
      <UniqueIdentifier>{0f781961-9b55-47ba-85f0-7e133c2b0bcc}</UniqueIdentifier>
    </Filter>
    <Filter Include="Files\Modules">
      <UniqueIdentifier>{b6139224-6674-4254-b6f6-0e5b6cf6830d}</UniqueIdentifier>
    </Filter>
    <Filter Include="Files\Cards">
      <UniqueIdentifier>{b60df0e5-0557-4a21-8226-3fb9a548286a}</UniqueIdentifier>
    </Filter>
  </ItemGroup>
  <ItemGroup>
    <ClCompile Include="Source\App.cpp">
      <Filter>Files</Filter>
    </ClCompile>
    <ClCompile Include="Source\Main.cpp">
      <Filter>Files</Filter>
    </ClCompile>
    <ClCompile Include="Source\Modules\M_Scene.cpp">
      <Filter>Files\Modules</Filter>
    </ClCompile>
    <ClCompile Include="Source\Modules\M_Input.cpp">
      <Filter>Files\Modules</Filter>
    </ClCompile>
    <ClCompile Include="Source\Modules\M_Audio.cpp">
      <Filter>Files\Modules</Filter>
    </ClCompile>
    <ClCompile Include="Source\Cards\Card.cpp">
      <Filter>Files\Cards</Filter>
    </ClCompile>
  </ItemGroup>
  <ItemGroup>
    <ClInclude Include="Source\App.h">
      <Filter>Files</Filter>
    </ClInclude>
    <ClInclude Include="Source\Helpers\Console.h">
      <Filter>Files\Helpers</Filter>
    </ClInclude>
    <ClInclude Include="Source\Helpers\Globals.h">
      <Filter>Files\Helpers</Filter>
    </ClInclude>
    <ClInclude Include="Source\Modules\Module.h">
      <Filter>Files\Modules</Filter>
    </ClInclude>
    <ClInclude Include="Source\Modules\M_Scene.h">
      <Filter>Files\Modules</Filter>
    </ClInclude>
    <ClInclude Include="Source\Modules\M_Input.h">
      <Filter>Files\Modules</Filter>
    </ClInclude>
    <ClInclude Include="Source\Modules\M_Audio.h">
      <Filter>Files\Modules</Filter>
    </ClInclude>
    <ClInclude Include="Source\Cards\Card.h">
      <Filter>Files\Cards</Filter>
    </ClInclude>
  </ItemGroup>
</Project>